
Microsoft Visual Studio Solution File, Format Version 12.00
# Visual Studio Version 16
VisualStudioVersion = 16.0.31515.178
MinimumVisualStudioVersion = 10.0.40219.1
Project("{FAE04EC0-301F-11D3-BF4B-00C04F79EFBC}") = "NavSat.Core.Abstrations", "NavSat.Core.Abstrations\NavSat.Core.Abstrations.csproj", "{431FED8F-DC5A-41CD-AD5C-8A4A6822FE4D}"
EndProject
Project("{FAE04EC0-301F-11D3-BF4B-00C04F79EFBC}") = "NavSat.Core", "NavSat.Core\NavSat.Core.csproj", "{BCA5E520-D3A7-4AFA-BDD5-5758D5C42895}"
EndProject
Project("{2150E333-8FDC-42A3-9474-1A3956D46DE8}") = "Tests", "Tests", "{C455A8D0-51F8-403F-8072-4331E2644246}"
EndProject
Project("{FAE04EC0-301F-11D3-BF4B-00C04F79EFBC}") = "NavSat.Core.Tests", "Tests\NavSat.Core.Tests\NavSat.Core.Tests.csproj", "{0DEA6DDB-DC4D-407A-ADBF-5CB69267726E}"
EndProject
Global
	GlobalSection(SolutionConfigurationPlatforms) = preSolution
		Debug|Any CPU = Debug|Any CPU
		Release|Any CPU = Release|Any CPU
	EndGlobalSection
	GlobalSection(ProjectConfigurationPlatforms) = postSolution
		{431FED8F-DC5A-41CD-AD5C-8A4A6822FE4D}.Debug|Any CPU.ActiveCfg = Debug|Any CPU
		{431FED8F-DC5A-41CD-AD5C-8A4A6822FE4D}.Debug|Any CPU.Build.0 = Debug|Any CPU
		{431FED8F-DC5A-41CD-AD5C-8A4A6822FE4D}.Release|Any CPU.ActiveCfg = Release|Any CPU
		{431FED8F-DC5A-41CD-AD5C-8A4A6822FE4D}.Release|Any CPU.Build.0 = Release|Any CPU
		{BCA5E520-D3A7-4AFA-BDD5-5758D5C42895}.Debug|Any CPU.ActiveCfg = Debug|Any CPU
		{BCA5E520-D3A7-4AFA-BDD5-5758D5C42895}.Debug|Any CPU.Build.0 = Debug|Any CPU
		{BCA5E520-D3A7-4AFA-BDD5-5758D5C42895}.Release|Any CPU.ActiveCfg = Release|Any CPU
		{BCA5E520-D3A7-4AFA-BDD5-5758D5C42895}.Release|Any CPU.Build.0 = Release|Any CPU
		{0DEA6DDB-DC4D-407A-ADBF-5CB69267726E}.Debug|Any CPU.ActiveCfg = Debug|Any CPU
		{0DEA6DDB-DC4D-407A-ADBF-5CB69267726E}.Debug|Any CPU.Build.0 = Debug|Any CPU
		{0DEA6DDB-DC4D-407A-ADBF-5CB69267726E}.Release|Any CPU.ActiveCfg = Release|Any CPU
		{0DEA6DDB-DC4D-407A-ADBF-5CB69267726E}.Release|Any CPU.Build.0 = Release|Any CPU
	EndGlobalSection
	GlobalSection(SolutionProperties) = preSolution
		HideSolutionNode = FALSE
	EndGlobalSection
	GlobalSection(NestedProjects) = preSolution
		{0DEA6DDB-DC4D-407A-ADBF-5CB69267726E} = {C455A8D0-51F8-403F-8072-4331E2644246}
	EndGlobalSection
	GlobalSection(ExtensibilityGlobals) = postSolution
		SolutionGuid = {EA2E81C3-4CF7-41E8-A8B7-5CD662F7EE04}
	EndGlobalSection
EndGlobal
